# This file is generated by running "yarn install" inside your project.
# Manual changes might be lost - proceed with caution!

__metadata:
  version: 5
  cacheKey: 8

"@types/mailparser@npm:^3.0.2":
  version: 3.0.2
  resolution: "@types/mailparser@npm:3.0.2"
  dependencies:
    "@types/node": "*"
  checksum: 10caaf127d596cb948e3a6b51b8df0d09dd168f488db958e00b3951cd0d95a949235959538ce7725988952763777cdaaf905f9f2e77a21f087d8aa7224bd0f7d
  languageName: node
  linkType: hard

"@types/node@npm:*":
  version: 14.14.37
  resolution: "@types/node@npm:14.14.37"
  checksum: 647e671ac3815f428a07ae9353ebab93c5335d4d0a461ca837a79eebf55c04f28bee80f0c43881cdd8696f595feb112bc8eb74f6124125e02f79a7677374c187
  languageName: node
  linkType: hard

"@types/yargs-parser@npm:*":
  version: 20.2.1
  resolution: "@types/yargs-parser@npm:20.2.1"
  checksum: 1d039e64494a7a61ddd278349a3dc60b19f99ff0517425696e796f794e4252452b9d62178e69755ad03f439f9dc0c8c3d7b3a1201b3a24e134bac1a09fa11eaa
  languageName: node
  linkType: hard

"@types/yargs@npm:^17.0.8":
  version: 17.0.8
  resolution: "@types/yargs@npm:17.0.8"
  dependencies:
    "@types/yargs-parser": "*"
  checksum: 63d06700ffbed745f00d7994eb92416649c8a3ead22f26446979d383f3af52fa9400bb185268f3a44a2348749098ffe33a8185ca676b77bc3206c63b8b73fd01
  languageName: node
  linkType: hard

"ansi-regex@npm:^5.0.1":
  version: 5.0.1
  resolution: "ansi-regex@npm:5.0.1"
  checksum: 2aa4bb54caf2d622f1afdad09441695af2a83aa3fe8b8afa581d205e57ed4261c183c4d3877cee25794443fde5876417d859c108078ab788d6af7e4fe52eb66b
  languageName: node
  linkType: hard

"ansi-styles@npm:^4.0.0":
  version: 4.3.0
  resolution: "ansi-styles@npm:4.3.0"
  dependencies:
    color-convert: ^2.0.1
  checksum: 513b44c3b2105dd14cc42a19271e80f386466c4be574bccf60b627432f9198571ebf4ab1e4c3ba17347658f4ee1711c163d574248c0c1cdc2d5917a0ad582ec4
  languageName: node
  linkType: hard

"arg@npm:^4.1.0":
  version: 4.1.3
  resolution: "arg@npm:4.1.3"
  checksum: 544af8dd3f60546d3e4aff084d451b96961d2267d668670199692f8d054f0415d86fc5497d0e641e91546f0aa920e7c29e5250e99fc89f5552a34b5d93b77f43
  languageName: node
  linkType: hard

"balanced-match@npm:^1.0.0":
  version: 1.0.2
  resolution: "balanced-match@npm:1.0.2"
  checksum: 9706c088a283058a8a99e0bf91b0a2f75497f185980d9ffa8b304de1d9e58ebda7c72c07ebf01dadedaac5b2907b2c6f566f660d62bd336c3468e960403b9d65
  languageName: node
  linkType: hard

"brace-expansion@npm:^1.1.7":
  version: 1.1.11
  resolution: "brace-expansion@npm:1.1.11"
  dependencies:
    balanced-match: ^1.0.0
    concat-map: 0.0.1
  checksum: faf34a7bb0c3fcf4b59c7808bc5d2a96a40988addf2e7e09dfbb67a2251800e0d14cd2bfc1aa79174f2f5095c54ff27f46fb1289fe2d77dac755b5eb3434cc07
  languageName: node
  linkType: hard

"buffer-from@npm:^1.0.0":
  version: 1.1.1
  resolution: "buffer-from@npm:1.1.1"
  checksum: ccc53b69736008bff764497367c4d24879ba7122bc619ee499ff47eef3a5b885ca496e87272e7ebffa0bec3804c83f84041c616f6e3318f40624e27c1d80f045
  languageName: node
  linkType: hard

"cliui@npm:^7.0.2":
  version: 7.0.4
  resolution: "cliui@npm:7.0.4"
  dependencies:
    string-width: ^4.2.0
    strip-ansi: ^6.0.0
    wrap-ansi: ^7.0.0
  checksum: ce2e8f578a4813806788ac399b9e866297740eecd4ad1823c27fd344d78b22c5f8597d548adbcc46f0573e43e21e751f39446c5a5e804a12aace402b7a315d7f
  languageName: node
  linkType: hard

"color-convert@npm:^2.0.1":
  version: 2.0.1
  resolution: "color-convert@npm:2.0.1"
  dependencies:
    color-name: ~1.1.4
  checksum: 79e6bdb9fd479a205c71d89574fccfb22bd9053bd98c6c4d870d65c132e5e904e6034978e55b43d69fcaa7433af2016ee203ce76eeba9cfa554b373e7f7db336
  languageName: node
  linkType: hard

"color-name@npm:~1.1.4":
  version: 1.1.4
  resolution: "color-name@npm:1.1.4"
  checksum: b0445859521eb4021cd0fb0cc1a75cecf67fceecae89b63f62b201cca8d345baf8b952c966862a9d9a2632987d4f6581f0ec8d957dfacece86f0a7919316f610
  languageName: node
  linkType: hard

"concat-map@npm:0.0.1":
  version: 0.0.1
  resolution: "concat-map@npm:0.0.1"
  checksum: 902a9f5d8967a3e2faf138d5cb784b9979bad2e6db5357c5b21c568df4ebe62bcb15108af1b2253744844eb964fc023fbd9afbbbb6ddd0bcc204c6fb5b7bf3af
  languageName: node
  linkType: hard

"create-require@npm:^1.1.0":
  version: 1.1.1
  resolution: "create-require@npm:1.1.1"
  checksum: a9a1503d4390d8b59ad86f4607de7870b39cad43d929813599a23714831e81c520bddf61bcdd1f8e30f05fd3a2b71ae8538e946eb2786dc65c2bbc520f692eff
  languageName: node
  linkType: hard

"dayjs@npm:^1.10.4":
  version: 1.10.4
  resolution: "dayjs@npm:1.10.4"
  checksum: d248d6aa1e04f8577a94978e5194c1023347bc08b7c2766d4a4d50b0b69382d3f4fd912b9fcb64ffad4ee2947d53cd8e5d707f49b14817eb7810959d8d95c938
  languageName: node
  linkType: hard

"deepmerge@npm:^4.2.2":
  version: 4.2.2
  resolution: "deepmerge@npm:4.2.2"
  checksum: a8c43a1ed8d6d1ed2b5bf569fa4c8eb9f0924034baf75d5d406e47e157a451075c4db353efea7b6bcc56ec48116a8ce72fccf867b6e078e7c561904b5897530b
  languageName: node
  linkType: hard

"diff@npm:^4.0.1":
  version: 4.0.2
  resolution: "diff@npm:4.0.2"
  checksum: f2c09b0ce4e6b301c221addd83bf3f454c0bc00caa3dd837cf6c127d6edf7223aa2bbe3b688feea110b7f262adbfc845b757c44c8a9f8c0c5b15d8fa9ce9d20d
  languageName: node
  linkType: hard

"dom-serializer@npm:^1.0.1":
  version: 1.2.0
  resolution: "dom-serializer@npm:1.2.0"
  dependencies:
    domelementtype: ^2.0.1
    domhandler: ^4.0.0
    entities: ^2.0.0
  checksum: 231212b30947eb7d89f8b9d89ec82af60a634ff5fd4c3a2e42989567742d308d0aae21e82328c17df4b453deb13e11b047ce0d610581766dd25734afda23bef0
  languageName: node
  linkType: hard

"domelementtype@npm:^2.0.1, domelementtype@npm:^2.1.0":
  version: 2.1.0
  resolution: "domelementtype@npm:2.1.0"
  checksum: 55144142c1a06840b830909e4d2904bf604949114362b1b4ab2417b48e889e118b75f2d3eff68bf50fca74d8033a68e19c8b0387e6fafecb4489560af698cb5e
  languageName: node
  linkType: hard

"domhandler@npm:^3.0.0":
  version: 3.3.0
  resolution: "domhandler@npm:3.3.0"
  dependencies:
    domelementtype: ^2.0.1
  checksum: 850e5e9fee7834ab4314811e18bc1f4294d7eafbf6a79ad03cbe50cf964108935c97257ac248944d72a9312b4a18dfa8323e857d23278964dc83b1f124467fa3
  languageName: node
  linkType: hard

"domhandler@npm:^4.0.0":
  version: 4.0.0
  resolution: "domhandler@npm:4.0.0"
  dependencies:
    domelementtype: ^2.1.0
  checksum: 810f3e575e0c820edf55e009c16a4d852c664168d5ae8d49613ab0e93f51704197e9f08e2df2443976cfdf8491759a7282f4d313e2b9aa44af15d015bf32daa0
  languageName: node
  linkType: hard

"domutils@npm:^2.0.0":
  version: 2.4.4
  resolution: "domutils@npm:2.4.4"
  dependencies:
    dom-serializer: ^1.0.1
    domelementtype: ^2.0.1
    domhandler: ^4.0.0
  checksum: fdd91209758a3c8fe6314448742fa216f91f4f3bfd0d868de3fcd17ac10b5f2fb497f03b61589ad2335c6803d80fa9636deee33d120951eb7a489e7f6bf73a61
  languageName: node
  linkType: hard

"emoji-regex@npm:^8.0.0":
  version: 8.0.0
  resolution: "emoji-regex@npm:8.0.0"
  checksum: d4c5c39d5a9868b5fa152f00cada8a936868fd3367f33f71be515ecee4c803132d11b31a6222b2571b1e5f7e13890156a94880345594d0ce7e3c9895f560f192
  languageName: node
  linkType: hard

"encoding-japanese@npm:1.0.30":
  version: 1.0.30
  resolution: "encoding-japanese@npm:1.0.30"
  checksum: ed14abf1e127944a133b1ae5739b110f266257a6b2ad6ac3f6e208bcc755a38c940d883ca70e399dad4be244daa2e58ad6fe894d7a981daeae889c0ae56eb00f
  languageName: node
  linkType: hard

"entities@npm:^2.0.0":
  version: 2.1.0
  resolution: "entities@npm:2.1.0"
  checksum: a10a877e489586a3f6a691fe49bf3fc4e58f06c8e80522f08214a5150ba457e7017b447d4913a3fa041bda06ee4c92517baa4d8d75373eaa79369e9639225ffd
  languageName: node
  linkType: hard

"escalade@npm:^3.1.1":
  version: 3.1.1
  resolution: "escalade@npm:3.1.1"
  checksum: a3e2a99f07acb74b3ad4989c48ca0c3140f69f923e56d0cba0526240ee470b91010f9d39001f2a4a313841d237ede70a729e92125191ba5d21e74b106800b133
  languageName: node
  linkType: hard

"fs.realpath@npm:^1.0.0":
  version: 1.0.0
  resolution: "fs.realpath@npm:1.0.0"
  checksum: 99ddea01a7e75aa276c250a04eedeffe5662bce66c65c07164ad6264f9de18fb21be9433ead460e54cff20e31721c811f4fb5d70591799df5f85dce6d6746fd0
  languageName: node
  linkType: hard

"get-caller-file@npm:^2.0.5":
  version: 2.0.5
  resolution: "get-caller-file@npm:2.0.5"
  checksum: b9769a836d2a98c3ee734a88ba712e62703f1df31b94b784762c433c27a386dd6029ff55c2a920c392e33657d80191edbf18c61487e198844844516f843496b9
  languageName: node
  linkType: hard

"glob@npm:^7.1.3":
  version: 7.1.6
  resolution: "glob@npm:7.1.6"
  dependencies:
    fs.realpath: ^1.0.0
    inflight: ^1.0.4
    inherits: 2
    minimatch: ^3.0.4
    once: ^1.3.0
    path-is-absolute: ^1.0.0
  checksum: 351d549dd90553b87c2d3f90ce11aed9e1093c74130440e7ae0592e11bbcd2ce7f0ebb8ba6bfe63aaf9b62166a7f4c80cb84490ae5d78408bb2572bf7d4ee0a6
  languageName: node
  linkType: hard

"he@npm:1.2.0, he@npm:^1.2.0":
  version: 1.2.0
  resolution: "he@npm:1.2.0"
  bin:
    he: bin/he
  checksum: 3d4d6babccccd79c5c5a3f929a68af33360d6445587d628087f39a965079d84f18ce9c3d3f917ee1e3978916fc833bb8b29377c3b403f919426f91bc6965e7a7
  languageName: node
  linkType: hard

"html-to-text@npm:6.0.0":
  version: 6.0.0
  resolution: "html-to-text@npm:6.0.0"
  dependencies:
    deepmerge: ^4.2.2
    he: ^1.2.0
    htmlparser2: ^4.1.0
    lodash: ^4.17.20
    minimist: ^1.2.5
  bin:
    html-to-text: bin/cli.js
  checksum: 0f9764b784379a556179758bda1fc7493f1f7644c341e7deeeb6dac3c03256cd9f9f6ffc1c29c160a2679af1df10fbb511290763a92ec635acdffd040d1ab0a4
  languageName: node
  linkType: hard

"htmlparser2@npm:^4.1.0":
  version: 4.1.0
  resolution: "htmlparser2@npm:4.1.0"
  dependencies:
    domelementtype: ^2.0.1
    domhandler: ^3.0.0
    domutils: ^2.0.0
    entities: ^2.0.0
  checksum: 615fcf34ae74775eba9d2c7c54034201645ac4146dfe2889cda21939aa77806ad3aee27963ae72c5c2da23ce7b0b99b2533e1d9f327b74821cc11f755cc5153f
  languageName: node
  linkType: hard

"iconv-lite@npm:0.5.0":
  version: 0.5.0
  resolution: "iconv-lite@npm:0.5.0"
  dependencies:
    safer-buffer: ">= 2.1.2 < 3"
  checksum: 22bdc0a4f7f97885d019421c299a1aa16f30168c9cc45561eb956bc255ca91e143fe131ca4e45aa81b9803c9c84cad0bc032568193ef3132fbc01bf4f5c7eb75
  languageName: node
  linkType: hard

"iconv-lite@npm:0.6.2":
  version: 0.6.2
  resolution: "iconv-lite@npm:0.6.2"
  dependencies:
    safer-buffer: ">= 2.1.2 < 3.0.0"
  checksum: 03e03eb9fc003bc94f7956849f747258e57c162760259d76d1e67483058cad854a4b681b635e21e3ec41f4bd15ceed1b4a350f890565d680343442c5b139fa8a
  languageName: node
  linkType: hard

"inflight@npm:^1.0.4":
  version: 1.0.6
  resolution: "inflight@npm:1.0.6"
  dependencies:
    once: ^1.3.0
    wrappy: 1
  checksum: f4f76aa072ce19fae87ce1ef7d221e709afb59d445e05d47fba710e85470923a75de35bfae47da6de1b18afc3ce83d70facf44cfb0aff89f0a3f45c0a0244dfd
  languageName: node
  linkType: hard

"inherits@npm:2":
  version: 2.0.4
  resolution: "inherits@npm:2.0.4"
  checksum: 4a48a733847879d6cf6691860a6b1e3f0f4754176e4d71494c41f3475553768b10f84b5ce1d40fbd0e34e6bfbb864ee35858ad4dd2cf31e02fc4a154b724d7f1
  languageName: node
  linkType: hard

"is-fullwidth-code-point@npm:^3.0.0":
  version: 3.0.0
  resolution: "is-fullwidth-code-point@npm:3.0.0"
  checksum: 44a30c29457c7fb8f00297bce733f0a64cd22eca270f83e58c105e0d015e45c019491a4ab2faef91ab51d4738c670daff901c799f6a700e27f7314029e99e348
  languageName: node
  linkType: hard

"libbase64@npm:1.2.1":
  version: 1.2.1
  resolution: "libbase64@npm:1.2.1"
  checksum: 891ed18fa0f0cd51a7a50d305dad03c3c35a077d46d23bd0a642a9710273294e331269ccf469a60e2191919f87fdf57c333d36bf4d33f176077c7cb3baf5c07c
  languageName: node
  linkType: hard

"libmime@npm:4.2.1":
  version: 4.2.1
  resolution: "libmime@npm:4.2.1"
  dependencies:
    encoding-japanese: 1.0.30
    iconv-lite: 0.5.0
    libbase64: 1.2.1
    libqp: 1.1.0
  checksum: 5276e77c3f0669404e9e439e124261e927fe3e188b447b11f345f1ff806d99ff84a1e233163e8aed3b2d4ca8e8ec068c8751e07e73da7aecc2391cb03c7636a9
  languageName: node
  linkType: hard

"libmime@npm:5.0.0":
  version: 5.0.0
  resolution: "libmime@npm:5.0.0"
  dependencies:
    encoding-japanese: 1.0.30
    iconv-lite: 0.6.2
    libbase64: 1.2.1
    libqp: 1.1.0
  checksum: ca7dd8b91df1cef5045aa6c8365fa273f2defccabc42308a75464f477b01d76a2987f018a5486bf6e18a7b1a503123806fd0b6982e17a276096cd2dd45695f50
  languageName: node
  linkType: hard

"libqp@npm:1.1.0":
  version: 1.1.0
  resolution: "libqp@npm:1.1.0"
  checksum: 7baaec1dba8226bee0cfa48d29f2622a70d45057bdc8a3febb8b07d50ff20cce11c249e12724525f85f144fe964a35f007fc8007a52d714309d4d915ced7196a
  languageName: node
  linkType: hard

"linkify-it@npm:3.0.2":
  version: 3.0.2
  resolution: "linkify-it@npm:3.0.2"
  dependencies:
    uc.micro: ^1.0.1
  checksum: 08e14854ec3c29e3578311b1cd95e469952a27f191633189a23890628939fc45c6d84fa4495abb9f7f06e60f73a31b8881d834214864d46db914a09ffc7889ae
  languageName: node
  linkType: hard

"lodash@npm:^4.17.20":
  version: 4.17.20
  resolution: "lodash@npm:4.17.20"
  checksum: b31afa09739b7292a88ec49ffdb2fcaeb41f690def010f7a067eeedffece32da6b6847bfe4d38a77e6f41778b9b2bca75eeab91209936518173271f0b69376ea
  languageName: node
  linkType: hard

"mailparser@npm:^3.0.1":
  version: 3.0.1
  resolution: "mailparser@npm:3.0.1"
  dependencies:
    encoding-japanese: 1.0.30
    he: 1.2.0
    html-to-text: 6.0.0
    iconv-lite: 0.6.2
    libmime: 5.0.0
    linkify-it: 3.0.2
    mailsplit: 5.0.0
    nodemailer: 6.4.16
    tlds: 1.214.0
  checksum: c7eeec39722e4089531ebc3a50ae6f20d908fc346a2f863b4913723bc4f27c165eadca20c21dd851f5b8acc94ff21b6d69dd2cd8eb14d6471799a0888ee7d8d5
  languageName: node
  linkType: hard

"mailsplit@npm:5.0.0":
  version: 5.0.0
  resolution: "mailsplit@npm:5.0.0"
  dependencies:
    libbase64: 1.2.1
    libmime: 4.2.1
    libqp: 1.1.0
  checksum: 58cfbdddaac0678b26637c87535f88a18f96716b89ea10e2c8ec615eec9a5656d86834728d067ec5bd560f44dc986455a1666e8f8ac1a2ad9d62f867600cceae
  languageName: node
  linkType: hard

"make-error@npm:^1.1.1":
  version: 1.3.6
  resolution: "make-error@npm:1.3.6"
  checksum: b86e5e0e25f7f777b77fabd8e2cbf15737972869d852a22b7e73c17623928fccb826d8e46b9951501d3f20e51ad74ba8c59ed584f610526a48f8ccf88aaec402
  languageName: node
  linkType: hard

"minimatch@npm:^3.0.4":
  version: 3.0.4
  resolution: "minimatch@npm:3.0.4"
  dependencies:
    brace-expansion: ^1.1.7
  checksum: 66ac295f8a7b59788000ea3749938b0970344c841750abd96694f80269b926ebcafad3deeb3f1da2522978b119e6ae3a5869b63b13a7859a456b3408bd18a078
  languageName: node
  linkType: hard

"minimist@npm:^1.2.5":
  version: 1.2.5
  resolution: "minimist@npm:1.2.5"
  checksum: 86706ce5b36c16bfc35c5fe3dbb01d5acdc9a22f2b6cc810b6680656a1d2c0e44a0159c9a3ba51fb072bb5c203e49e10b51dcd0eec39c481f4c42086719bae52
  languageName: node
  linkType: hard

"nodemailer@npm:6.4.16":
  version: 6.4.16
  resolution: "nodemailer@npm:6.4.16"
  checksum: 0befa3798046bfd487cc4135131bf4dac2beffb1e4e0957061e212f64d1361fcfea534dbfa8f551f0a8b6113175dcae2839416d08d6bcf3254be1d3eca7d0849
  languageName: node
  linkType: hard

"once@npm:^1.3.0":
  version: 1.4.0
  resolution: "once@npm:1.4.0"
  dependencies:
    wrappy: 1
  checksum: cd0a88501333edd640d95f0d2700fbde6bff20b3d4d9bdc521bdd31af0656b5706570d6c6afe532045a20bb8dc0849f8332d6f2a416e0ba6d3d3b98806c7db68
  languageName: node
  linkType: hard

"organize-maildir@workspace:.":
  version: 0.0.0-use.local
  resolution: "organize-maildir@workspace:."
  dependencies:
    "@types/mailparser": ^3.0.2
    "@types/yargs": ^17.0.8
    dayjs: ^1.10.4
    mailparser: ^3.0.1
    prettier: ^2.2.1
    rimraf: ^3.0.2
    sanitize-filename: ^1.6.3
    ts-node: ^9.1.1
    typescript: ^4.2.3
    yargs: ^17.3.1
  languageName: unknown
  linkType: soft

"path-is-absolute@npm:^1.0.0":
  version: 1.0.1
  resolution: "path-is-absolute@npm:1.0.1"
  checksum: 060840f92cf8effa293bcc1bea81281bd7d363731d214cbe5c227df207c34cd727430f70c6037b5159c8a870b9157cba65e775446b0ab06fd5ecc7e54615a3b8
  languageName: node
  linkType: hard

"prettier@npm:^2.2.1":
  version: 2.2.1
  resolution: "prettier@npm:2.2.1"
  bin:
    prettier: bin-prettier.js
  checksum: 800de2df3d37067ab24478c7f32c60ca0c57b01742133287829feeb4a70d239a7bf6bccb56196784777af591ad80fb9ba70c1a49b0fcecf9f5622a764d513edb
  languageName: node
  linkType: hard

"require-directory@npm:^2.1.1":
  version: 2.1.1
  resolution: "require-directory@npm:2.1.1"
  checksum: fb47e70bf0001fdeabdc0429d431863e9475e7e43ea5f94ad86503d918423c1543361cc5166d713eaa7029dd7a3d34775af04764bebff99ef413111a5af18c80
  languageName: node
  linkType: hard

"rimraf@npm:^3.0.2":
  version: 3.0.2
  resolution: "rimraf@npm:3.0.2"
  dependencies:
    glob: ^7.1.3
  bin:
    rimraf: bin.js
  checksum: 87f4164e396f0171b0a3386cc1877a817f572148ee13a7e113b238e48e8a9f2f31d009a92ec38a591ff1567d9662c6b67fd8818a2dbbaed74bc26a87a2a4a9a0
  languageName: node
  linkType: hard

"safer-buffer@npm:>= 2.1.2 < 3, safer-buffer@npm:>= 2.1.2 < 3.0.0":
  version: 2.1.2
  resolution: "safer-buffer@npm:2.1.2"
  checksum: cab8f25ae6f1434abee8d80023d7e72b598cf1327164ddab31003c51215526801e40b66c5e65d658a0af1e9d6478cadcb4c745f4bd6751f97d8644786c0978b0
  languageName: node
  linkType: hard

"sanitize-filename@npm:^1.6.3":
  version: 1.6.3
  resolution: "sanitize-filename@npm:1.6.3"
  dependencies:
    truncate-utf8-bytes: ^1.0.0
  checksum: aa733c012b7823cf65730603cf3b503c641cee6b239771d3164ca482f22d81a50e434a713938d994071db18e4202625669cc56bccc9d13d818b4c983b5f47fde
  languageName: node
  linkType: hard

"source-map-support@npm:^0.5.17":
  version: 0.5.19
  resolution: "source-map-support@npm:0.5.19"
  dependencies:
    buffer-from: ^1.0.0
    source-map: ^0.6.0
  checksum: c72802fdba9cb62b92baef18cc14cc4047608b77f0353e6c36dd993444149a466a2845332c5540d4a6630957254f0f68f4ef5a0120c33d2e83974c51a05afbac
  languageName: node
  linkType: hard

"source-map@npm:^0.6.0":
  version: 0.6.1
  resolution: "source-map@npm:0.6.1"
  checksum: 59ce8640cf3f3124f64ac289012c2b8bd377c238e316fb323ea22fbfe83da07d81e000071d7242cad7a23cd91c7de98e4df8830ec3f133cb6133a5f6e9f67bc2
  languageName: node
  linkType: hard

"string-width@npm:^4.1.0, string-width@npm:^4.2.0, string-width@npm:^4.2.3":
  version: 4.2.3
  resolution: "string-width@npm:4.2.3"
  dependencies:
    emoji-regex: ^8.0.0
    is-fullwidth-code-point: ^3.0.0
    strip-ansi: ^6.0.1
  checksum: e52c10dc3fbfcd6c3a15f159f54a90024241d0f149cf8aed2982a2d801d2e64df0bf1dc351cf8e95c3319323f9f220c16e740b06faecd53e2462df1d2b5443fb
  languageName: node
  linkType: hard

"strip-ansi@npm:^6.0.0, strip-ansi@npm:^6.0.1":
  version: 6.0.1
  resolution: "strip-ansi@npm:6.0.1"
  dependencies:
    ansi-regex: ^5.0.1
  checksum: f3cd25890aef3ba6e1a74e20896c21a46f482e93df4a06567cebf2b57edabb15133f1f94e57434e0a958d61186087b1008e89c94875d019910a213181a14fc8c
  languageName: node
  linkType: hard

"tlds@npm:1.214.0":
  version: 1.214.0
  resolution: "tlds@npm:1.214.0"
  bin:
    tlds: bin.js
  checksum: dadf95c5517ee218817fa8c673672c0685d4c76c44d7ae6e929749f572a70e57d5bad1da387a54907845743a2513a6f22c8d542d2d36c6ef1ff1f5995970a675
  languageName: node
  linkType: hard

"truncate-utf8-bytes@npm:^1.0.0":
  version: 1.0.2
  resolution: "truncate-utf8-bytes@npm:1.0.2"
  dependencies:
    utf8-byte-length: ^1.0.1
  checksum: ad097314709ea98444ad9c80c03aac8da805b894f37ceb5685c49ad297483afe3a5ec9572ebcaff699dda72b6cd447a2ba2a3fd10e96c2628cd16d94abeb328a
  languageName: node
  linkType: hard

"ts-node@npm:^9.1.1":
  version: 9.1.1
  resolution: "ts-node@npm:9.1.1"
  dependencies:
    arg: ^4.1.0
    create-require: ^1.1.0
    diff: ^4.0.1
    make-error: ^1.1.1
    source-map-support: ^0.5.17
    yn: 3.1.1
  peerDependencies:
    typescript: ">=2.7"
  bin:
    ts-node: dist/bin.js
    ts-node-script: dist/bin-script.js
    ts-node-transpile-only: dist/bin-transpile.js
    ts-script: dist/bin-script-deprecated.js
  checksum: 356e2647b8b1e6ab00380c0537fa569b63bd9b6f006cc40fd650f81fae1817bd8fecc075300036950d8f45c1d85b95be33cd1e48a1a424a7d86c3dbb42bf60e5
  languageName: node
  linkType: hard

"typescript@npm:^4.2.3":
  version: 4.2.3
  resolution: "typescript@npm:4.2.3"
  bin:
    tsc: bin/tsc
    tsserver: bin/tsserver
  checksum: b4a2020c021211184ac15caf59936b2089c13e79685f340a31aaa839c9de2f73b44a5e3757292de6cdad2ed967aef80d4592161b814cc29c0570f261850c4bca
  languageName: node
  linkType: hard

"typescript@patch:typescript@^4.2.3#~builtin<compat/typescript>":
  version: 4.2.3
  resolution: "typescript@patch:typescript@npm%3A4.2.3#~builtin<compat/typescript>::version=4.2.3&hash=493e53"
  bin:
    tsc: bin/tsc
    tsserver: bin/tsserver
  checksum: f97b1f885444f13c340127a0918b17d0c4e5c248f99203a22712b3b43d7129c9c7b95437e4f1de99edf79d3046fa9e15356fb5d27d9d94e47a98158c8b18fda5
  languageName: node
  linkType: hard

"uc.micro@npm:^1.0.1":
  version: 1.0.6
  resolution: "uc.micro@npm:1.0.6"
  checksum: 6898bb556319a38e9cf175e3628689347bd26fec15fc6b29fa38e0045af63075ff3fea4cf1fdba9db46c9f0cbf07f2348cd8844889dd31ebd288c29fe0d27e7a
  languageName: node
  linkType: hard

"utf8-byte-length@npm:^1.0.1":
  version: 1.0.4
  resolution: "utf8-byte-length@npm:1.0.4"
  checksum: f188ca076ec094d58e7009fcc32623c5830c7f0f3e15802bfa4fdd1e759454a481fc4ac05e0fa83b7736e77af628a9ee0e57dcc89683d688fde3811473e42143
  languageName: node
  linkType: hard

"wrap-ansi@npm:^7.0.0":
  version: 7.0.0
  resolution: "wrap-ansi@npm:7.0.0"
  dependencies:
    ansi-styles: ^4.0.0
    string-width: ^4.1.0
    strip-ansi: ^6.0.0
  checksum: a790b846fd4505de962ba728a21aaeda189b8ee1c7568ca5e817d85930e06ef8d1689d49dbf0e881e8ef84436af3a88bc49115c2e2788d841ff1b8b5b51a608b
  languageName: node
  linkType: hard

"wrappy@npm:1":
  version: 1.0.2
  resolution: "wrappy@npm:1.0.2"
  checksum: 159da4805f7e84a3d003d8841557196034155008f817172d4e986bd591f74aa82aa7db55929a54222309e01079a65a92a9e6414da5a6aa4b01ee44a511ac3ee5
  languageName: node
  linkType: hard

"y18n@npm:^5.0.5":
  version: 5.0.8
  resolution: "y18n@npm:5.0.8"
  checksum: 54f0fb95621ee60898a38c572c515659e51cc9d9f787fb109cef6fde4befbe1c4602dc999d30110feee37456ad0f1660fa2edcfde6a9a740f86a290999550d30
  languageName: node
  linkType: hard

"yargs-parser@npm:^21.0.0":
  version: 21.0.0
  resolution: "yargs-parser@npm:21.0.0"
  checksum: 1e205fca1cb7a36a1585e2b94a64e641c12741b53627d338e12747f4dca3c3610cdd9bb235040621120548dd74c3ef03a8168d52a1eabfedccbe4a62462b6731
  languageName: node
  linkType: hard

"yargs@npm:^17.3.1":
  version: 17.3.1
  resolution: "yargs@npm:17.3.1"
  dependencies:
    cliui: ^7.0.2
    escalade: ^3.1.1
    get-caller-file: ^2.0.5
    require-directory: ^2.1.1
    string-width: ^4.2.3
    y18n: ^5.0.5
    yargs-parser: ^21.0.0
  checksum: 64fc2e32c56739f1d14d2d24acd17a6944c3c8e3e3558f09fc1953ac112e868cc16013d282886b9d5be22187f8b9ed4f60741a6b1011f595ce2718805a656852
  languageName: node
  linkType: hard

"yn@npm:3.1.1":
  version: 3.1.1
  resolution: "yn@npm:3.1.1"
  checksum: 2c487b0e149e746ef48cda9f8bad10fc83693cd69d7f9dcd8be4214e985de33a29c9e24f3c0d6bcf2288427040a8947406ab27f7af67ee9456e6b84854f02dd6
  languageName: node
  linkType: hard
